// !$*UTF8*$!
{
	archiveVersion = 1;
	classes = {
	};
	objectVersion = 50;
	objects = {

/* Begin PBXBuildFile section */
		B3DE9ADC2294E035008A40B5 /* AppDelegate.swift in Sources */ = {isa = PBXBuildFile; fileRef = B3DE9ADB2294E035008A40B5 /* AppDelegate.swift */; };
		B3DE9AE12294E035008A40B5 /* Main.storyboard in Resources */ = {isa = PBXBuildFile; fileRef = B3DE9ADF2294E035008A40B5 /* Main.storyboard */; };
		B3DE9AE32294E036008A40B5 /* Assets.xcassets in Resources */ = {isa = PBXBuildFile; fileRef = B3DE9AE22294E036008A40B5 /* Assets.xcassets */; };
		B3DE9AE62294E036008A40B5 /* LaunchScreen.storyboard in Resources */ = {isa = PBXBuildFile; fileRef = B3DE9AE42294E036008A40B5 /* LaunchScreen.storyboard */; };
		B3DE9AEF2294E08E008A40B5 /* Student.swift in Sources */ = {isa = PBXBuildFile; fileRef = B3DE9AEE2294E08E008A40B5 /* Student.swift */; };
		B3DE9AF12294E09E008A40B5 /* students.json in Resources */ = {isa = PBXBuildFile; fileRef = B3DE9AF02294E09E008A40B5 /* students.json */; };
		B3DE9AF62294E31D008A40B5 /* MainViewController.swift in Sources */ = {isa = PBXBuildFile; fileRef = B3DE9AF52294E31D008A40B5 /* MainViewController.swift */; };
		B3DE9AF82294E340008A40B5 /* StudentTableViewController.swift in Sources */ = {isa = PBXBuildFile; fileRef = B3DE9AF72294E340008A40B5 /* StudentTableViewController.swift */; };
		B3DE9AFA2294E6BB008A40B5 /* StudentController.swift in Sources */ = {isa = PBXBuildFile; fileRef = B3DE9AF92294E6BB008A40B5 /* StudentController.swift */; };
/* End PBXBuildFile section */

/* Begin PBXFileReference section */
		B3DE9AD82294E035008A40B5 /* iOS Student List.app */ = {isa = PBXFileReference; explicitFileType = wrapper.application; includeInIndex = 0; path = "iOS Student List.app"; sourceTree = BUILT_PRODUCTS_DIR; };
		B3DE9ADB2294E035008A40B5 /* AppDelegate.swift */ = {isa = PBXFileReference; lastKnownFileType = sourcecode.swift; path = AppDelegate.swift; sourceTree = "<group>"; };
		B3DE9AE02294E035008A40B5 /* Base */ = {isa = PBXFileReference; lastKnownFileType = file.storyboard; name = Base; path = Base.lproj/Main.storyboard; sourceTree = "<group>"; };
		B3DE9AE22294E036008A40B5 /* Assets.xcassets */ = {isa = PBXFileReference; lastKnownFileType = folder.assetcatalog; path = Assets.xcassets; sourceTree = "<group>"; };
		B3DE9AE52294E036008A40B5 /* Base */ = {isa = PBXFileReference; lastKnownFileType = file.storyboard; name = Base; path = Base.lproj/LaunchScreen.storyboard; sourceTree = "<group>"; };
		B3DE9AE72294E036008A40B5 /* Info.plist */ = {isa = PBXFileReference; lastKnownFileType = text.plist.xml; path = Info.plist; sourceTree = "<group>"; };
		B3DE9AEE2294E08E008A40B5 /* Student.swift */ = {isa = PBXFileReference; fileEncoding = 4; lastKnownFileType = sourcecode.swift; path = Student.swift; sourceTree = "<group>"; };
		B3DE9AF02294E09E008A40B5 /* students.json */ = {isa = PBXFileReference; fileEncoding = 4; lastKnownFileType = text.json; path = students.json; sourceTree = "<group>"; };
		B3DE9AF52294E31D008A40B5 /* MainViewController.swift */ = {isa = PBXFileReference; lastKnownFileType = sourcecode.swift; path = MainViewController.swift; sourceTree = "<group>"; };
		B3DE9AF72294E340008A40B5 /* StudentTableViewController.swift */ = {isa = PBXFileReference; lastKnownFileType = sourcecode.swift; path = StudentTableViewController.swift; sourceTree = "<group>"; };
		B3DE9AF92294E6BB008A40B5 /* StudentController.swift */ = {isa = PBXFileReference; lastKnownFileType = sourcecode.swift; path = StudentController.swift; sourceTree = "<group>"; };
/* End PBXFileReference section */

/* Begin PBXFrameworksBuildPhase section */
		B3DE9AD52294E035008A40B5 /* Frameworks */ = {
			isa = PBXFrameworksBuildPhase;
			buildActionMask = 2147483647;
			files = (
			);
			runOnlyForDeploymentPostprocessing = 0;
		};
/* End PBXFrameworksBuildPhase section */

/* Begin PBXGroup section */
		B3DE9ACF2294E035008A40B5 = {
			isa = PBXGroup;
			children = (
				B3DE9ADA2294E035008A40B5 /* iOS Student List */,
				B3DE9AF32294E27B008A40B5 /* Resources */,
				B3DE9AD92294E035008A40B5 /* Products */,
			);
			sourceTree = "<group>";
		};
		B3DE9AD92294E035008A40B5 /* Products */ = {
			isa = PBXGroup;
			children = (
				B3DE9AD82294E035008A40B5 /* iOS Student List.app */,
			);
			name = Products;
			sourceTree = "<group>";
		};
		B3DE9ADA2294E035008A40B5 /* iOS Student List */ = {
			isa = PBXGroup;
			children = (
				B3DE9AED2294E08E008A40B5 /* Model */,
				B3DE9AF42294E2F9008A40B5 /* ViewControllers */,
				B3DE9AF22294E26B008A40B5 /* StoryBoards */,
			);
			path = "iOS Student List";
			sourceTree = "<group>";
		};
		B3DE9AED2294E08E008A40B5 /* Model */ = {
			isa = PBXGroup;
			children = (
				B3DE9AEE2294E08E008A40B5 /* Student.swift */,
				B3DE9AF92294E6BB008A40B5 /* StudentController.swift */,
			);
			path = Model;
			sourceTree = "<group>";
		};
		B3DE9AF22294E26B008A40B5 /* StoryBoards */ = {
			isa = PBXGroup;
			children = (
				B3DE9ADF2294E035008A40B5 /* Main.storyboard */,
				B3DE9AE42294E036008A40B5 /* LaunchScreen.storyboard */,
			);
			path = StoryBoards;
			sourceTree = "<group>";
		};
		B3DE9AF32294E27B008A40B5 /* Resources */ = {
			isa = PBXGroup;
			children = (
				B3DE9ADB2294E035008A40B5 /* AppDelegate.swift */,
				B3DE9AE22294E036008A40B5 /* Assets.xcassets */,
				B3DE9AE72294E036008A40B5 /* Info.plist */,
				B3DE9AF02294E09E008A40B5 /* students.json */,
			);
			path = Resources;
			sourceTree = "<group>";
		};
		B3DE9AF42294E2F9008A40B5 /* ViewControllers */ = {
			isa = PBXGroup;
			children = (
				B3DE9AF52294E31D008A40B5 /* MainViewController.swift */,
				B3DE9AF72294E340008A40B5 /* StudentTableViewController.swift */,
			);
			path = ViewControllers;
			sourceTree = "<group>";
		};
/* End PBXGroup section */

/* Begin PBXNativeTarget section */
		B3DE9AD72294E035008A40B5 /* iOS Student List */ = {
			isa = PBXNativeTarget;
			buildConfigurationList = B3DE9AEA2294E036008A40B5 /* Build configuration list for PBXNativeTarget "iOS Student List" */;
			buildPhases = (
				B3DE9AD42294E035008A40B5 /* Sources */,
				B3DE9AD52294E035008A40B5 /* Frameworks */,
				B3DE9AD62294E035008A40B5 /* Resources */,
			);
			buildRules = (
			);
			dependencies = (
			);
			name = "iOS Student List";
			productName = "iOS Student List";
			productReference = B3DE9AD82294E035008A40B5 /* iOS Student List.app */;
			productType = "com.apple.product-type.application";
		};
/* End PBXNativeTarget section */

/* Begin PBXProject section */
		B3DE9AD02294E035008A40B5 /* Project object */ = {
			isa = PBXProject;
			attributes = {
				LastSwiftUpdateCheck = 1010;
				LastUpgradeCheck = 1010;
				ORGANIZATIONNAME = Seschwan;
				TargetAttributes = {
					B3DE9AD72294E035008A40B5 = {
						CreatedOnToolsVersion = 10.1;
					};
				};
			};
			buildConfigurationList = B3DE9AD32294E035008A40B5 /* Build configuration list for PBXProject "iOS Student List" */;
			compatibilityVersion = "Xcode 9.3";
			developmentRegion = en;
			hasScannedForEncodings = 0;
			knownRegions = (
				en,
				Base,
			);
			mainGroup = B3DE9ACF2294E035008A40B5;
			productRefGroup = B3DE9AD92294E035008A40B5 /* Products */;
			projectDirPath = "";
			projectRoot = "";
			targets = (
				B3DE9AD72294E035008A40B5 /* iOS Student List */,
			);
		};
/* End PBXProject section */

/* Begin PBXResourcesBuildPhase section */
		B3DE9AD62294E035008A40B5 /* Resources */ = {
			isa = PBXResourcesBuildPhase;
			buildActionMask = 2147483647;
			files = (
				B3DE9AE62294E036008A40B5 /* LaunchScreen.storyboard in Resources */,
				B3DE9AE32294E036008A40B5 /* Assets.xcassets in Resources */,
				B3DE9AE12294E035008A40B5 /* Main.storyboard in Resources */,
				B3DE9AF12294E09E008A40B5 /* students.json in Resources */,
			);
			runOnlyForDeploymentPostprocessing = 0;
		};
/* End PBXResourcesBuildPhase section */

/* Begin PBXSourcesBuildPhase section */
		B3DE9AD42294E035008A40B5 /* Sources */ = {
			isa = PBXSourcesBuildPhase;
			buildActionMask = 2147483647;
			files = (
				B3DE9AFA2294E6BB008A40B5 /* StudentController.swift in Sources */,
				B3DE9AEF2294E08E008A40B5 /* Student.swift in Sources */,
				B3DE9ADC2294E035008A40B5 /* AppDelegate.swift in Sources */,
				B3DE9AF82294E340008A40B5 /* StudentTableViewController.swift in Sources */,
				B3DE9AF62294E31D008A40B5 /* MainViewController.swift in Sources */,
			);
			runOnlyForDeploymentPostprocessing = 0;
		};
/* End PBXSourcesBuildPhase section */

/* Begin PBXVariantGroup section */
		B3DE9ADF2294E035008A40B5 /* Main.storyboard */ = {
			isa = PBXVariantGroup;
			children = (
				B3DE9AE02294E035008A40B5 /* Base */,
			);
			name = Main.storyboard;
			sourceTree = "<group>";
		};
		B3DE9AE42294E036008A40B5 /* LaunchScreen.storyboard */ = {
			isa = PBXVariantGroup;
			children = (
				B3DE9AE52294E036008A40B5 /* Base */,
			);
			name = LaunchScreen.storyboard;
			sourceTree = "<group>";
		};
/* End PBXVariantGroup section */

/* Begin XCBuildConfiguration section */
		B3DE9AE82294E036008A40B5 /* Debug */ = {
			isa = XCBuildConfiguration;
			buildSettings = {
				ALWAYS_SEARCH_USER_PATHS = NO;
				CLANG_ANALYZER_NONNULL = YES;
				CLANG_ANALYZER_NUMBER_OBJECT_CONVERSION = YES_AGGRESSIVE;
				CLANG_CXX_LANGUAGE_STANDARD = "gnu++14";
				CLANG_CXX_LIBRARY = "libc++";
				CLANG_ENABLE_MODULES = YES;
				CLANG_ENABLE_OBJC_ARC = YES;
				CLANG_ENABLE_OBJC_WEAK = YES;
				CLANG_WARN_BLOCK_CAPTURE_AUTORELEASING = YES;
				CLANG_WARN_BOOL_CONVERSION = YES;
				CLANG_WARN_COMMA = YES;
				CLANG_WARN_CONSTANT_CONVERSION = YES;
				CLANG_WARN_DEPRECATED_OBJC_IMPLEMENTATIONS = YES;
				CLANG_WARN_DIRECT_OBJC_ISA_USAGE = YES_ERROR;
				CLANG_WARN_DOCUMENTATION_COMMENTS = YES;
				CLANG_WARN_EMPTY_BODY = YES;
				CLANG_WARN_ENUM_CONVERSION = YES;
				CLANG_WARN_INFINITE_RECURSION = YES;
				CLANG_WARN_INT_CONVERSION = YES;
				CLANG_WARN_NON_LITERAL_NULL_CONVERSION = YES;
				CLANG_WARN_OBJC_IMPLICIT_RETAIN_SELF = YES;
				CLANG_WARN_OBJC_LITERAL_CONVERSION = YES;
				CLANG_WARN_OBJC_ROOT_CLASS = YES_ERROR;
				CLANG_WARN_RANGE_LOOP_ANALYSIS = YES;
				CLANG_WARN_STRICT_PROTOTYPES = YES;
				CLANG_WARN_SUSPICIOUS_MOVE = YES;
				CLANG_WARN_UNGUARDED_AVAILABILITY = YES_AGGRESSIVE;
				CLANG_WARN_UNREACHABLE_CODE = YES;
				CLANG_WARN__DUPLICATE_METHOD_MATCH = YES;
				CODE_SIGN_IDENTITY = "iPhone Developer";
				COPY_PHASE_STRIP = NO;
				DEBUG_INFORMATION_FORMAT = dwarf;
				ENABLE_STRICT_OBJC_MSGSEND = YES;
				ENABLE_TESTABILITY = YES;
				GCC_C_LANGUAGE_STANDARD = gnu11;
				GCC_DYNAMIC_NO_PIC = NO;
				GCC_NO_COMMON_BLOCKS = YES;
				GCC_OPTIMIZATION_LEVEL = 0;
				GCC_PREPROCESSOR_DEFINITIONS = (
					"DEBUG=1",
					"$(inherited)",
				);
				GCC_WARN_64_TO_32_BIT_CONVERSION = YES;
				GCC_WARN_ABOUT_RETURN_TYPE = YES_ERROR;
				GCC_WARN_UNDECLARED_SELECTOR = YES;
				GCC_WARN_UNINITIALIZED_AUTOS = YES_AGGRESSIVE;
				GCC_WARN_UNUSED_FUNCTION = YES;
				GCC_WARN_UNUSED_VARIABLE = YES;
				IPHONEOS_DEPLOYMENT_TARGET = 12.1;
				MTL_ENABLE_DEBUG_INFO = INCLUDE_SOURCE;
				MTL_FAST_MATH = YES;
				ONLY_ACTIVE_ARCH = YES;
				SDKROOT = iphoneos;
				SWIFT_ACTIVE_COMPILATION_CONDITIONS = DEBUG;
				SWIFT_OPTIMIZATION_LEVEL = "-Onone";
			};
			name = Debug;
		};
		B3DE9AE92294E036008A40B5 /* Release */ = {
			isa = XCBuildConfiguration;
			buildSettings = {
				ALWAYS_SEARCH_USER_PATHS = NO;
				CLANG_ANALYZER_NONNULL = YES;
				CLANG_ANALYZER_NUMBER_OBJECT_CONVERSION = YES_AGGRESSIVE;
				CLANG_CXX_LANGUAGE_STANDARD = "gnu++14";
				CLANG_CXX_LIBRARY = "libc++";
				CLANG_ENABLE_MODULES = YES;
				CLANG_ENABLE_OBJC_ARC = YES;
				CLANG_ENABLE_OBJC_WEAK = YES;
				CLANG_WARN_BLOCK_CAPTURE_AUTORELEASING = YES;
				CLANG_WARN_BOOL_CONVERSION = YES;
				CLANG_WARN_COMMA = YES;
				CLANG_WARN_CONSTANT_CONVERSION = YES;
				CLANG_WARN_DEPRECATED_OBJC_IMPLEMENTATIONS = YES;
				CLANG_WARN_DIRECT_OBJC_ISA_USAGE = YES_ERROR;
				CLANG_WARN_DOCUMENTATION_COMMENTS = YES;
				CLANG_WARN_EMPTY_BODY = YES;
				CLANG_WARN_ENUM_CONVERSION = YES;
				CLANG_WARN_INFINITE_RECURSION = YES;
				CLANG_WARN_INT_CONVERSION = YES;
				CLANG_WARN_NON_LITERAL_NULL_CONVERSION = YES;
				CLANG_WARN_OBJC_IMPLICIT_RETAIN_SELF = YES;
				CLANG_WARN_OBJC_LITERAL_CONVERSION = YES;
				CLANG_WARN_OBJC_ROOT_CLASS = YES_ERROR;
				CLANG_WARN_RANGE_LOOP_ANALYSIS = YES;
				CLANG_WARN_STRICT_PROTOTYPES = YES;
				CLANG_WARN_SUSPICIOUS_MOVE = YES;
				CLANG_WARN_UNGUARDED_AVAILABILITY = YES_AGGRESSIVE;
				CLANG_WARN_UNREACHABLE_CODE = YES;
				CLANG_WARN__DUPLICATE_METHOD_MATCH = YES;
				CODE_SIGN_IDENTITY = "iPhone Developer";
				COPY_PHASE_STRIP = NO;
				DEBUG_INFORMATION_FORMAT = "dwarf-with-dsym";
				ENABLE_NS_ASSERTIONS = NO;
				ENABLE_STRICT_OBJC_MSGSEND = YES;
				GCC_C_LANGUAGE_STANDARD = gnu11;
				GCC_NO_COMMON_BLOCKS = YES;
				GCC_WARN_64_TO_32_BIT_CONVERSION = YES;
				GCC_WARN_ABOUT_RETURN_TYPE = YES_ERROR;
				GCC_WARN_UNDECLARED_SELECTOR = YES;
				GCC_WARN_UNINITIALIZED_AUTOS = YES_AGGRESSIVE;
				GCC_WARN_UNUSED_FUNCTION = YES;
				GCC_WARN_UNUSED_VARIABLE = YES;
				IPHONEOS_DEPLOYMENT_TARGET = 12.1;
				MTL_ENABLE_DEBUG_INFO = NO;
				MTL_FAST_MATH = YES;
				SDKROOT = iphoneos;
				SWIFT_COMPILATION_MODE = wholemodule;
				SWIFT_OPTIMIZATION_LEVEL = "-O";
				VALIDATE_PRODUCT = YES;
			};
			name = Release;
		};
		B3DE9AEB2294E036008A40B5 /* Debug */ = {
			isa = XCBuildConfiguration;
			buildSettings = {
				ASSETCATALOG_COMPILER_APPICON_NAME = AppIcon;
				CODE_SIGN_STYLE = Automatic;
				DEVELOPMENT_TEAM = SBB8C9E36E;
				INFOPLIST_FILE = "$(SRCROOT)/Resources/Info.plist";
				LD_RUNPATH_SEARCH_PATHS = (
					"$(inherited)",
					"@executable_path/Frameworks",
				);
				PRODUCT_BUNDLE_IDENTIFIER = "com.seschwan.iOS-Student-List";
				PRODUCT_NAME = "$(TARGET_NAME)";
				SWIFT_VERSION = 4.2;
				TARGETED_DEVICE_FAMILY = "1,2";
			};
			name = Debug;
		};
		B3DE9AEC2294E036008A40B5 /* Release */ = {
			isa = XCBuildConfiguration;
			buildSettings = {
				ASSETCATALOG_COMPILER_APPICON_NAME = AppIcon;
				CODE_SIGN_STYLE = Automatic;
				DEVELOPMENT_TEAM = SBB8C9E36E;
				INFOPLIST_FILE = "$(SRCROOT)/Resources/Info.plist";
				LD_RUNPATH_SEARCH_PATHS = (
					"$(inherited)",
					"@executable_path/Frameworks",
				);
				PRODUCT_BUNDLE_IDENTIFIER = "com.seschwan.iOS-Student-List";
				PRODUCT_NAME = "$(TARGET_NAME)";
				SWIFT_VERSION = 4.2;
				TARGETED_DEVICE_FAMILY = "1,2";
			};
			name = Release;
		};
/* End XCBuildConfiguration section */

/* Begin XCConfigurationList section */
		B3DE9AD32294E035008A40B5 /* Build configuration list for PBXProject "iOS Student List" */ = {
			isa = XCConfigurationList;
			buildConfigurations = (
				B3DE9AE82294E036008A40B5 /* Debug */,
				B3DE9AE92294E036008A40B5 /* Release */,
			);
			defaultConfigurationIsVisible = 0;
			defaultConfigurationName = Release;
		};
		B3DE9AEA2294E036008A40B5 /* Build configuration list for PBXNativeTarget "iOS Student List" */ = {
			isa = XCConfigurationList;
			buildConfigurations = (
				B3DE9AEB2294E036008A40B5 /* Debug */,
				B3DE9AEC2294E036008A40B5 /* Release */,
			);
			defaultConfigurationIsVisible = 0;
			defaultConfigurationName = Release;
		};
/* End XCConfigurationList section */
	};
	rootObject = B3DE9AD02294E035008A40B5 /* Project object */;
}
